
Microsoft Visual Studio Solution File, Format Version 12.00
# Visual Studio Version 17
VisualStudioVersion = 17.0.31717.71
MinimumVisualStudioVersion = 10.0.40219.1
Project("{FAE04EC0-301F-11D3-BF4B-00C04F79EFBC}") = "ConsoleApp1", "ConsoleApp1\ConsoleApp1.csproj", "{6755F89A-0248-4BE9-8D3D-4720C77A1C32}"
EndProject
Global
	GlobalSection(SolutionConfigurationPlatforms) = preSolution
		Debug|Any CPU = Debug|Any CPU
		Release|Any CPU = Release|Any CPU
	EndGlobalSection
	GlobalSection(ProjectConfigurationPlatforms) = postSolution
		{6755F89A-0248-4BE9-8D3D-4720C77A1C32}.Debug|Any CPU.ActiveCfg = Debug|Any CPU
		{6755F89A-0248-4BE9-8D3D-4720C77A1C32}.Debug|Any CPU.Build.0 = Debug|Any CPU
		{6755F89A-0248-4BE9-8D3D-4720C77A1C32}.Release|Any CPU.ActiveCfg = Release|Any CPU
		{6755F89A-0248-4BE9-8D3D-4720C77A1C32}.Release|Any CPU.Build.0 = Release|Any CPU
	EndGlobalSection
	GlobalSection(SolutionProperties) = preSolution
		HideSolutionNode = FALSE
	EndGlobalSection
	GlobalSection(ExtensibilityGlobals) = postSolution
		SolutionGuid = {DB7C03B7-7039-4662-99D4-B042DC1A08BA}
	EndGlobalSection
EndGlobal
